
Microsoft Visual Studio Solution File, Format Version 12.00
# Visual Studio Version 17
VisualStudioVersion = 17.11.35219.272
MinimumVisualStudioVersion = 10.0.40219.1
Project("{9A19103F-16F7-4668-BE54-9A1E7A4F7556}") = "PDFRederAndWrite", "PDFRederAndWrite\PDFRederAndWrite.csproj", "{6788A522-EBDD-4C66-BF35-49AE97DC14BA}"
EndProject
Project("{2150E333-8FDC-42A3-9474-1A3956D46DE8}") = "Solution Items", "Solution Items", "{057ADBB4-257F-4671-9707-E258E2640103}"
	ProjectSection(SolutionItems) = preProject
		PdfHelper.cs = PdfHelper.cs
	EndProjectSection
EndProject
Global
	GlobalSection(SolutionConfigurationPlatforms) = preSolution
		Debug|Any CPU = Debug|Any CPU
		Release|Any CPU = Release|Any CPU
	EndGlobalSection
	GlobalSection(ProjectConfigurationPlatforms) = postSolution
		{6788A522-EBDD-4C66-BF35-49AE97DC14BA}.Debug|Any CPU.ActiveCfg = Debug|Any CPU
		{6788A522-EBDD-4C66-BF35-49AE97DC14BA}.Debug|Any CPU.Build.0 = Debug|Any CPU
		{6788A522-EBDD-4C66-BF35-49AE97DC14BA}.Release|Any CPU.ActiveCfg = Release|Any CPU
		{6788A522-EBDD-4C66-BF35-49AE97DC14BA}.Release|Any CPU.Build.0 = Release|Any CPU
	EndGlobalSection
	GlobalSection(SolutionProperties) = preSolution
		HideSolutionNode = FALSE
	EndGlobalSection
	GlobalSection(ExtensibilityGlobals) = postSolution
		SolutionGuid = {18EC3AA8-1DA2-40E6-BF1D-B0FB8532EEE4}
	EndGlobalSection
EndGlobal
